// !$*UTF8*$!
{
	archiveVersion = 1;
	classes = {
	};
	objectVersion = 46;
	objects = {

/* Begin PBXBuildFile section */
		8B4398A21D754162003F8DF8 /* main.m in Sources */ = {isa = PBXBuildFile; fileRef = 8B4398A11D754162003F8DF8 /* main.m */; };
		8B4398A51D754162003F8DF8 /* AppDelegate.m in Sources */ = {isa = PBXBuildFile; fileRef = 8B4398A41D754162003F8DF8 /* AppDelegate.m */; };
		8B4398A81D754162003F8DF8 /* ViewController.m in Sources */ = {isa = PBXBuildFile; fileRef = 8B4398A71D754162003F8DF8 /* ViewController.m */; };
		8B4398AB1D754162003F8DF8 /* Main.storyboard in Resources */ = {isa = PBXBuildFile; fileRef = 8B4398A91D754162003F8DF8 /* Main.storyboard */; };
		8B4398AD1D754163003F8DF8 /* Assets.xcassets in Resources */ = {isa = PBXBuildFile; fileRef = 8B4398AC1D754163003F8DF8 /* Assets.xcassets */; };
		8B4398B01D754163003F8DF8 /* LaunchScreen.storyboard in Resources */ = {isa = PBXBuildFile; fileRef = 8B4398AE1D754163003F8DF8 /* LaunchScreen.storyboard */; };
		8B4398BB1D754163003F8DF8 /* PowerCellTests.m in Sources */ = {isa = PBXBuildFile; fileRef = 8B4398BA1D754163003F8DF8 /* PowerCellTests.m */; };
		8B4398C61D754163003F8DF8 /* PowerCellUITests.m in Sources */ = {isa = PBXBuildFile; fileRef = 8B4398C51D754163003F8DF8 /* PowerCellUITests.m */; };
		8B4398D81D7541E0003F8DF8 /* PowerCell.m in Sources */ = {isa = PBXBuildFile; fileRef = 8B4398D71D7541E0003F8DF8 /* PowerCell.m */; };
		8B4398DB1D754A42003F8DF8 /* Model.m in Sources */ = {isa = PBXBuildFile; fileRef = 8B4398DA1D754A42003F8DF8 /* Model.m */; };
		8B4398FA1D754B22003F8DF8 /* NSData+ImageContentType.m in Sources */ = {isa = PBXBuildFile; fileRef = 8B4398DE1D754B22003F8DF8 /* NSData+ImageContentType.m */; };
		8B4398FB1D754B22003F8DF8 /* SDImageCache.m in Sources */ = {isa = PBXBuildFile; fileRef = 8B4398E01D754B22003F8DF8 /* SDImageCache.m */; };
		8B4398FC1D754B22003F8DF8 /* SDWebImageCompat.m in Sources */ = {isa = PBXBuildFile; fileRef = 8B4398E21D754B22003F8DF8 /* SDWebImageCompat.m */; };
		8B4398FD1D754B22003F8DF8 /* SDWebImageDecoder.m in Sources */ = {isa = PBXBuildFile; fileRef = 8B4398E41D754B22003F8DF8 /* SDWebImageDecoder.m */; };
		8B4398FE1D754B22003F8DF8 /* SDWebImageDownloader.m in Sources */ = {isa = PBXBuildFile; fileRef = 8B4398E61D754B22003F8DF8 /* SDWebImageDownloader.m */; };
		8B4398FF1D754B22003F8DF8 /* SDWebImageDownloaderOperation.m in Sources */ = {isa = PBXBuildFile; fileRef = 8B4398E81D754B22003F8DF8 /* SDWebImageDownloaderOperation.m */; };
		8B4399001D754B22003F8DF8 /* SDWebImageManager.m in Sources */ = {isa = PBXBuildFile; fileRef = 8B4398EA1D754B22003F8DF8 /* SDWebImageManager.m */; };
		8B4399011D754B22003F8DF8 /* SDWebImagePrefetcher.m in Sources */ = {isa = PBXBuildFile; fileRef = 8B4398ED1D754B22003F8DF8 /* SDWebImagePrefetcher.m */; };
		8B4399021D754B22003F8DF8 /* UIButton+WebCache.m in Sources */ = {isa = PBXBuildFile; fileRef = 8B4398EF1D754B22003F8DF8 /* UIButton+WebCache.m */; };
		8B4399031D754B22003F8DF8 /* UIImage+GIF.m in Sources */ = {isa = PBXBuildFile; fileRef = 8B4398F11D754B22003F8DF8 /* UIImage+GIF.m */; };
		8B4399041D754B22003F8DF8 /* UIImage+MultiFormat.m in Sources */ = {isa = PBXBuildFile; fileRef = 8B4398F31D754B22003F8DF8 /* UIImage+MultiFormat.m */; };
		8B4399051D754B22003F8DF8 /* UIImageView+HighlightedWebCache.m in Sources */ = {isa = PBXBuildFile; fileRef = 8B4398F51D754B22003F8DF8 /* UIImageView+HighlightedWebCache.m */; };
		8B4399061D754B22003F8DF8 /* UIImageView+WebCache.m in Sources */ = {isa = PBXBuildFile; fileRef = 8B4398F71D754B22003F8DF8 /* UIImageView+WebCache.m */; };
		8B4399071D754B22003F8DF8 /* UIView+WebCacheOperation.m in Sources */ = {isa = PBXBuildFile; fileRef = 8B4398F91D754B22003F8DF8 /* UIView+WebCacheOperation.m */; };
		8B4399091D7551C9003F8DF8 /* nn.png in Resources */ = {isa = PBXBuildFile; fileRef = 8B4399081D7551C9003F8DF8 /* nn.png */; };
/* End PBXBuildFile section */

/* Begin PBXContainerItemProxy section */
		8B4398B71D754163003F8DF8 /* PBXContainerItemProxy */ = {
			isa = PBXContainerItemProxy;
			containerPortal = 8B4398951D754162003F8DF8 /* Project object */;
			proxyType = 1;
			remoteGlobalIDString = 8B43989C1D754162003F8DF8;
			remoteInfo = PowerCell;
		};
		8B4398C21D754163003F8DF8 /* PBXContainerItemProxy */ = {
			isa = PBXContainerItemProxy;
			containerPortal = 8B4398951D754162003F8DF8 /* Project object */;
			proxyType = 1;
			remoteGlobalIDString = 8B43989C1D754162003F8DF8;
			remoteInfo = PowerCell;
		};
/* End PBXContainerItemProxy section */

/* Begin PBXFileReference section */
		8B43989D1D754162003F8DF8 /* PowerCell.app */ = {isa = PBXFileReference; explicitFileType = wrapper.application; includeInIndex = 0; path = PowerCell.app; sourceTree = BUILT_PRODUCTS_DIR; };
		8B4398A11D754162003F8DF8 /* main.m */ = {isa = PBXFileReference; lastKnownFileType = sourcecode.c.objc; path = main.m; sourceTree = "<group>"; };
		8B4398A31D754162003F8DF8 /* AppDelegate.h */ = {isa = PBXFileReference; lastKnownFileType = sourcecode.c.h; path = AppDelegate.h; sourceTree = "<group>"; };
		8B4398A41D754162003F8DF8 /* AppDelegate.m */ = {isa = PBXFileReference; lastKnownFileType = sourcecode.c.objc; path = AppDelegate.m; sourceTree = "<group>"; };
		8B4398A61D754162003F8DF8 /* ViewController.h */ = {isa = PBXFileReference; lastKnownFileType = sourcecode.c.h; path = ViewController.h; sourceTree = "<group>"; };
		8B4398A71D754162003F8DF8 /* ViewController.m */ = {isa = PBXFileReference; lastKnownFileType = sourcecode.c.objc; path = ViewController.m; sourceTree = "<group>"; };
		8B4398AA1D754162003F8DF8 /* Base */ = {isa = PBXFileReference; lastKnownFileType = file.storyboard; name = Base; path = Base.lproj/Main.storyboard; sourceTree = "<group>"; };
		8B4398AC1D754163003F8DF8 /* Assets.xcassets */ = {isa = PBXFileReference; lastKnownFileType = folder.assetcatalog; path = Assets.xcassets; sourceTree = "<group>"; };
		8B4398AF1D754163003F8DF8 /* Base */ = {isa = PBXFileReference; lastKnownFileType = file.storyboard; name = Base; path = Base.lproj/LaunchScreen.storyboard; sourceTree = "<group>"; };
		8B4398B11D754163003F8DF8 /* Info.plist */ = {isa = PBXFileReference; lastKnownFileType = text.plist.xml; path = Info.plist; sourceTree = "<group>"; };
		8B4398B61D754163003F8DF8 /* PowerCellTests.xctest */ = {isa = PBXFileReference; explicitFileType = wrapper.cfbundle; includeInIndex = 0; path = PowerCellTests.xctest; sourceTree = BUILT_PRODUCTS_DIR; };
		8B4398BA1D754163003F8DF8 /* PowerCellTests.m */ = {isa = PBXFileReference; lastKnownFileType = sourcecode.c.objc; path = PowerCellTests.m; sourceTree = "<group>"; };
		8B4398BC1D754163003F8DF8 /* Info.plist */ = {isa = PBXFileReference; lastKnownFileType = text.plist.xml; path = Info.plist; sourceTree = "<group>"; };
		8B4398C11D754163003F8DF8 /* PowerCellUITests.xctest */ = {isa = PBXFileReference; explicitFileType = wrapper.cfbundle; includeInIndex = 0; path = PowerCellUITests.xctest; sourceTree = BUILT_PRODUCTS_DIR; };
		8B4398C51D754163003F8DF8 /* PowerCellUITests.m */ = {isa = PBXFileReference; lastKnownFileType = sourcecode.c.objc; path = PowerCellUITests.m; sourceTree = "<group>"; };
		8B4398C71D754163003F8DF8 /* Info.plist */ = {isa = PBXFileReference; lastKnownFileType = text.plist.xml; path = Info.plist; sourceTree = "<group>"; };
		8B4398D61D7541E0003F8DF8 /* PowerCell.h */ = {isa = PBXFileReference; fileEncoding = 4; lastKnownFileType = sourcecode.c.h; path = PowerCell.h; sourceTree = "<group>"; };
		8B4398D71D7541E0003F8DF8 /* PowerCell.m */ = {isa = PBXFileReference; fileEncoding = 4; lastKnownFileType = sourcecode.c.objc; path = PowerCell.m; sourceTree = "<group>"; };
		8B4398D91D754A42003F8DF8 /* Model.h */ = {isa = PBXFileReference; fileEncoding = 4; lastKnownFileType = sourcecode.c.h; path = Model.h; sourceTree = "<group>"; };
		8B4398DA1D754A42003F8DF8 /* Model.m */ = {isa = PBXFileReference; fileEncoding = 4; lastKnownFileType = sourcecode.c.objc; path = Model.m; sourceTree = "<group>"; };
		8B4398DD1D754B22003F8DF8 /* NSData+ImageContentType.h */ = {isa = PBXFileReference; fileEncoding = 4; lastKnownFileType = sourcecode.c.h; path = "NSData+ImageContentType.h"; sourceTree = "<group>"; };
		8B4398DE1D754B22003F8DF8 /* NSData+ImageContentType.m */ = {isa = PBXFileReference; fileEncoding = 4; lastKnownFileType = sourcecode.c.objc; path = "NSData+ImageContentType.m"; sourceTree = "<group>"; };
		8B4398DF1D754B22003F8DF8 /* SDImageCache.h */ = {isa = PBXFileReference; fileEncoding = 4; lastKnownFileType = sourcecode.c.h; path = SDImageCache.h; sourceTree = "<group>"; };
		8B4398E01D754B22003F8DF8 /* SDImageCache.m */ = {isa = PBXFileReference; fileEncoding = 4; lastKnownFileType = sourcecode.c.objc; path = SDImageCache.m; sourceTree = "<group>"; };
		8B4398E11D754B22003F8DF8 /* SDWebImageCompat.h */ = {isa = PBXFileReference; fileEncoding = 4; lastKnownFileType = sourcecode.c.h; path = SDWebImageCompat.h; sourceTree = "<group>"; };
		8B4398E21D754B22003F8DF8 /* SDWebImageCompat.m */ = {isa = PBXFileReference; fileEncoding = 4; lastKnownFileType = sourcecode.c.objc; path = SDWebImageCompat.m; sourceTree = "<group>"; };
		8B4398E31D754B22003F8DF8 /* SDWebImageDecoder.h */ = {isa = PBXFileReference; fileEncoding = 4; lastKnownFileType = sourcecode.c.h; path = SDWebImageDecoder.h; sourceTree = "<group>"; };
		8B4398E41D754B22003F8DF8 /* SDWebImageDecoder.m */ = {isa = PBXFileReference; fileEncoding = 4; lastKnownFileType = sourcecode.c.objc; path = SDWebImageDecoder.m; sourceTree = "<group>"; };
		8B4398E51D754B22003F8DF8 /* SDWebImageDownloader.h */ = {isa = PBXFileReference; fileEncoding = 4; lastKnownFileType = sourcecode.c.h; path = SDWebImageDownloader.h; sourceTree = "<group>"; };
		8B4398E61D754B22003F8DF8 /* SDWebImageDownloader.m */ = {isa = PBXFileReference; fileEncoding = 4; lastKnownFileType = sourcecode.c.objc; path = SDWebImageDownloader.m; sourceTree = "<group>"; };
		8B4398E71D754B22003F8DF8 /* SDWebImageDownloaderOperation.h */ = {isa = PBXFileReference; fileEncoding = 4; lastKnownFileType = sourcecode.c.h; path = SDWebImageDownloaderOperation.h; sourceTree = "<group>"; };
		8B4398E81D754B22003F8DF8 /* SDWebImageDownloaderOperation.m */ = {isa = PBXFileReference; fileEncoding = 4; lastKnownFileType = sourcecode.c.objc; path = SDWebImageDownloaderOperation.m; sourceTree = "<group>"; };
		8B4398E91D754B22003F8DF8 /* SDWebImageManager.h */ = {isa = PBXFileReference; fileEncoding = 4; lastKnownFileType = sourcecode.c.h; path = SDWebImageManager.h; sourceTree = "<group>"; };
		8B4398EA1D754B22003F8DF8 /* SDWebImageManager.m */ = {isa = PBXFileReference; fileEncoding = 4; lastKnownFileType = sourcecode.c.objc; path = SDWebImageManager.m; sourceTree = "<group>"; };
		8B4398EB1D754B22003F8DF8 /* SDWebImageOperation.h */ = {isa = PBXFileReference; fileEncoding = 4; lastKnownFileType = sourcecode.c.h; path = SDWebImageOperation.h; sourceTree = "<group>"; };
		8B4398EC1D754B22003F8DF8 /* SDWebImagePrefetcher.h */ = {isa = PBXFileReference; fileEncoding = 4; lastKnownFileType = sourcecode.c.h; path = SDWebImagePrefetcher.h; sourceTree = "<group>"; };
		8B4398ED1D754B22003F8DF8 /* SDWebImagePrefetcher.m */ = {isa = PBXFileReference; fileEncoding = 4; lastKnownFileType = sourcecode.c.objc; path = SDWebImagePrefetcher.m; sourceTree = "<group>"; };
		8B4398EE1D754B22003F8DF8 /* UIButton+WebCache.h */ = {isa = PBXFileReference; fileEncoding = 4; lastKnownFileType = sourcecode.c.h; path = "UIButton+WebCache.h"; sourceTree = "<group>"; };
		8B4398EF1D754B22003F8DF8 /* UIButton+WebCache.m */ = {isa = PBXFileReference; fileEncoding = 4; lastKnownFileType = sourcecode.c.objc; path = "UIButton+WebCache.m"; sourceTree = "<group>"; };
		8B4398F01D754B22003F8DF8 /* UIImage+GIF.h */ = {isa = PBXFileReference; fileEncoding = 4; lastKnownFileType = sourcecode.c.h; path = "UIImage+GIF.h"; sourceTree = "<group>"; };
		8B4398F11D754B22003F8DF8 /* UIImage+GIF.m */ = {isa = PBXFileReference; fileEncoding = 4; lastKnownFileType = sourcecode.c.objc; path = "UIImage+GIF.m"; sourceTree = "<group>"; };
		8B4398F21D754B22003F8DF8 /* UIImage+MultiFormat.h */ = {isa = PBXFileReference; fileEncoding = 4; lastKnownFileType = sourcecode.c.h; path = "UIImage+MultiFormat.h"; sourceTree = "<group>"; };
		8B4398F31D754B22003F8DF8 /* UIImage+MultiFormat.m */ = {isa = PBXFileReference; fileEncoding = 4; lastKnownFileType = sourcecode.c.objc; path = "UIImage+MultiFormat.m"; sourceTree = "<group>"; };
		8B4398F41D754B22003F8DF8 /* UIImageView+HighlightedWebCache.h */ = {isa = PBXFileReference; fileEncoding = 4; lastKnownFileType = sourcecode.c.h; path = "UIImageView+HighlightedWebCache.h"; sourceTree = "<group>"; };
		8B4398F51D754B22003F8DF8 /* UIImageView+HighlightedWebCache.m */ = {isa = PBXFileReference; fileEncoding = 4; lastKnownFileType = sourcecode.c.objc; path = "UIImageView+HighlightedWebCache.m"; sourceTree = "<group>"; };
		8B4398F61D754B22003F8DF8 /* UIImageView+WebCache.h */ = {isa = PBXFileReference; fileEncoding = 4; lastKnownFileType = sourcecode.c.h; path = "UIImageView+WebCache.h"; sourceTree = "<group>"; };
		8B4398F71D754B22003F8DF8 /* UIImageView+WebCache.m */ = {isa = PBXFileReference; fileEncoding = 4; lastKnownFileType = sourcecode.c.objc; path = "UIImageView+WebCache.m"; sourceTree = "<group>"; };
		8B4398F81D754B22003F8DF8 /* UIView+WebCacheOperation.h */ = {isa = PBXFileReference; fileEncoding = 4; lastKnownFileType = sourcecode.c.h; path = "UIView+WebCacheOperation.h"; sourceTree = "<group>"; };
		8B4398F91D754B22003F8DF8 /* UIView+WebCacheOperation.m */ = {isa = PBXFileReference; fileEncoding = 4; lastKnownFileType = sourcecode.c.objc; path = "UIView+WebCacheOperation.m"; sourceTree = "<group>"; };
		8B4399081D7551C9003F8DF8 /* nn.png */ = {isa = PBXFileReference; lastKnownFileType = image.png; path = nn.png; sourceTree = "<group>"; };
/* End PBXFileReference section */

/* Begin PBXFrameworksBuildPhase section */
		8B43989A1D754162003F8DF8 /* Frameworks */ = {
			isa = PBXFrameworksBuildPhase;
			buildActionMask = 2147483647;
			files = (
			);
			runOnlyForDeploymentPostprocessing = 0;
		};
		8B4398B31D754163003F8DF8 /* Frameworks */ = {
			isa = PBXFrameworksBuildPhase;
			buildActionMask = 2147483647;
			files = (
			);
			runOnlyForDeploymentPostprocessing = 0;
		};
		8B4398BE1D754163003F8DF8 /* Frameworks */ = {
			isa = PBXFrameworksBuildPhase;
			buildActionMask = 2147483647;
			files = (
			);
			runOnlyForDeploymentPostprocessing = 0;
		};
/* End PBXFrameworksBuildPhase section */

/* Begin PBXGroup section */
		8B4398941D754162003F8DF8 = {
			isa = PBXGroup;
			children = (
				8B43989F1D754162003F8DF8 /* PowerCell */,
				8B4398B91D754163003F8DF8 /* PowerCellTests */,
				8B4398C41D754163003F8DF8 /* PowerCellUITests */,
				8B43989E1D754162003F8DF8 /* Products */,
			);
			sourceTree = "<group>";
		};
		8B43989E1D754162003F8DF8 /* Products */ = {
			isa = PBXGroup;
			children = (
				8B43989D1D754162003F8DF8 /* PowerCell.app */,
				8B4398B61D754163003F8DF8 /* PowerCellTests.xctest */,
				8B4398C11D754163003F8DF8 /* PowerCellUITests.xctest */,
			);
			name = Products;
			sourceTree = "<group>";
		};
		8B43989F1D754162003F8DF8 /* PowerCell */ = {
			isa = PBXGroup;
			children = (
				8B4398A31D754162003F8DF8 /* AppDelegate.h */,
				8B4398A41D754162003F8DF8 /* AppDelegate.m */,
				8B4398A61D754162003F8DF8 /* ViewController.h */,
				8B4398A71D754162003F8DF8 /* ViewController.m */,
				8B4398D61D7541E0003F8DF8 /* PowerCell.h */,
				8B4398D71D7541E0003F8DF8 /* PowerCell.m */,
				8B4398D91D754A42003F8DF8 /* Model.h */,
				8B4398DA1D754A42003F8DF8 /* Model.m */,
				8B4399081D7551C9003F8DF8 /* nn.png */,
				8B4398DC1D754B22003F8DF8 /* SDWebImage */,
				8B4398A91D754162003F8DF8 /* Main.storyboard */,
				8B4398AC1D754163003F8DF8 /* Assets.xcassets */,
				8B4398AE1D754163003F8DF8 /* LaunchScreen.storyboard */,
				8B4398B11D754163003F8DF8 /* Info.plist */,
				8B4398A01D754162003F8DF8 /* Supporting Files */,
			);
			path = PowerCell;
			sourceTree = "<group>";
		};
		8B4398A01D754162003F8DF8 /* Supporting Files */ = {
			isa = PBXGroup;
			children = (
				8B4398A11D754162003F8DF8 /* main.m */,
			);
			name = "Supporting Files";
			sourceTree = "<group>";
		};
		8B4398B91D754163003F8DF8 /* PowerCellTests */ = {
			isa = PBXGroup;
			children = (
				8B4398BA1D754163003F8DF8 /* PowerCellTests.m */,
				8B4398BC1D754163003F8DF8 /* Info.plist */,
			);
			path = PowerCellTests;
			sourceTree = "<group>";
		};
		8B4398C41D754163003F8DF8 /* PowerCellUITests */ = {
			isa = PBXGroup;
			children = (
				8B4398C51D754163003F8DF8 /* PowerCellUITests.m */,
				8B4398C71D754163003F8DF8 /* Info.plist */,
			);
			path = PowerCellUITests;
			sourceTree = "<group>";
		};
		8B4398DC1D754B22003F8DF8 /* SDWebImage */ = {
			isa = PBXGroup;
			children = (
				8B4398DD1D754B22003F8DF8 /* NSData+ImageContentType.h */,
				8B4398DE1D754B22003F8DF8 /* NSData+ImageContentType.m */,
				8B4398DF1D754B22003F8DF8 /* SDImageCache.h */,
				8B4398E01D754B22003F8DF8 /* SDImageCache.m */,
				8B4398E11D754B22003F8DF8 /* SDWebImageCompat.h */,
				8B4398E21D754B22003F8DF8 /* SDWebImageCompat.m */,
				8B4398E31D754B22003F8DF8 /* SDWebImageDecoder.h */,
				8B4398E41D754B22003F8DF8 /* SDWebImageDecoder.m */,
				8B4398E51D754B22003F8DF8 /* SDWebImageDownloader.h */,
				8B4398E61D754B22003F8DF8 /* SDWebImageDownloader.m */,
				8B4398E71D754B22003F8DF8 /* SDWebImageDownloaderOperation.h */,
				8B4398E81D754B22003F8DF8 /* SDWebImageDownloaderOperation.m */,
				8B4398E91D754B22003F8DF8 /* SDWebImageManager.h */,
				8B4398EA1D754B22003F8DF8 /* SDWebImageManager.m */,
				8B4398EB1D754B22003F8DF8 /* SDWebImageOperation.h */,
				8B4398EC1D754B22003F8DF8 /* SDWebImagePrefetcher.h */,
				8B4398ED1D754B22003F8DF8 /* SDWebImagePrefetcher.m */,
				8B4398EE1D754B22003F8DF8 /* UIButton+WebCache.h */,
				8B4398EF1D754B22003F8DF8 /* UIButton+WebCache.m */,
				8B4398F01D754B22003F8DF8 /* UIImage+GIF.h */,
				8B4398F11D754B22003F8DF8 /* UIImage+GIF.m */,
				8B4398F21D754B22003F8DF8 /* UIImage+MultiFormat.h */,
				8B4398F31D754B22003F8DF8 /* UIImage+MultiFormat.m */,
				8B4398F41D754B22003F8DF8 /* UIImageView+HighlightedWebCache.h */,
				8B4398F51D754B22003F8DF8 /* UIImageView+HighlightedWebCache.m */,
				8B4398F61D754B22003F8DF8 /* UIImageView+WebCache.h */,
				8B4398F71D754B22003F8DF8 /* UIImageView+WebCache.m */,
				8B4398F81D754B22003F8DF8 /* UIView+WebCacheOperation.h */,
				8B4398F91D754B22003F8DF8 /* UIView+WebCacheOperation.m */,
			);
			path = SDWebImage;
			sourceTree = "<group>";
		};
/* End PBXGroup section */

/* Begin PBXNativeTarget section */
		8B43989C1D754162003F8DF8 /* PowerCell */ = {
			isa = PBXNativeTarget;
			buildConfigurationList = 8B4398CA1D754163003F8DF8 /* Build configuration list for PBXNativeTarget "PowerCell" */;
			buildPhases = (
				8B4398991D754162003F8DF8 /* Sources */,
				8B43989A1D754162003F8DF8 /* Frameworks */,
				8B43989B1D754162003F8DF8 /* Resources */,
			);
			buildRules = (
			);
			dependencies = (
			);
			name = PowerCell;
			productName = PowerCell;
			productReference = 8B43989D1D754162003F8DF8 /* PowerCell.app */;
			productType = "com.apple.product-type.application";
		};
		8B4398B51D754163003F8DF8 /* PowerCellTests */ = {
			isa = PBXNativeTarget;
			buildConfigurationList = 8B4398CD1D754163003F8DF8 /* Build configuration list for PBXNativeTarget "PowerCellTests" */;
			buildPhases = (
				8B4398B21D754163003F8DF8 /* Sources */,
				8B4398B31D754163003F8DF8 /* Frameworks */,
				8B4398B41D754163003F8DF8 /* Resources */,
			);
			buildRules = (
			);
			dependencies = (
				8B4398B81D754163003F8DF8 /* PBXTargetDependency */,
			);
			name = PowerCellTests;
			productName = PowerCellTests;
			productReference = 8B4398B61D754163003F8DF8 /* PowerCellTests.xctest */;
			productType = "com.apple.product-type.bundle.unit-test";
		};
		8B4398C01D754163003F8DF8 /* PowerCellUITests */ = {
			isa = PBXNativeTarget;
			buildConfigurationList = 8B4398D01D754163003F8DF8 /* Build configuration list for PBXNativeTarget "PowerCellUITests" */;
			buildPhases = (
				8B4398BD1D754163003F8DF8 /* Sources */,
				8B4398BE1D754163003F8DF8 /* Frameworks */,
				8B4398BF1D754163003F8DF8 /* Resources */,
			);
			buildRules = (
			);
			dependencies = (
				8B4398C31D754163003F8DF8 /* PBXTargetDependency */,
			);
			name = PowerCellUITests;
			productName = PowerCellUITests;
			productReference = 8B4398C11D754163003F8DF8 /* PowerCellUITests.xctest */;
			productType = "com.apple.product-type.bundle.ui-testing";
		};
/* End PBXNativeTarget section */

/* Begin PBXProject section */
		8B4398951D754162003F8DF8 /* Project object */ = {
			isa = PBXProject;
			attributes = {
				LastUpgradeCheck = 0730;
				ORGANIZATIONNAME = LLH;
				TargetAttributes = {
					8B43989C1D754162003F8DF8 = {
						CreatedOnToolsVersion = 7.3.1;
					};
					8B4398B51D754163003F8DF8 = {
						CreatedOnToolsVersion = 7.3.1;
						TestTargetID = 8B43989C1D754162003F8DF8;
					};
					8B4398C01D754163003F8DF8 = {
						CreatedOnToolsVersion = 7.3.1;
						TestTargetID = 8B43989C1D754162003F8DF8;
					};
				};
			};
			buildConfigurationList = 8B4398981D754162003F8DF8 /* Build configuration list for PBXProject "PowerCell" */;
			compatibilityVersion = "Xcode 3.2";
			developmentRegion = English;
			hasScannedForEncodings = 0;
			knownRegions = (
				en,
				Base,
			);
			mainGroup = 8B4398941D754162003F8DF8;
			productRefGroup = 8B43989E1D754162003F8DF8 /* Products */;
			projectDirPath = "";
			projectRoot = "";
			targets = (
				8B43989C1D754162003F8DF8 /* PowerCell */,
				8B4398B51D754163003F8DF8 /* PowerCellTests */,
				8B4398C01D754163003F8DF8 /* PowerCellUITests */,
			);
		};
/* End PBXProject section */

/* Begin PBXResourcesBuildPhase section */
		8B43989B1D754162003F8DF8 /* Resources */ = {
			isa = PBXResourcesBuildPhase;
			buildActionMask = 2147483647;
			files = (
				8B4398B01D754163003F8DF8 /* LaunchScreen.storyboard in Resources */,
				8B4399091D7551C9003F8DF8 /* nn.png in Resources */,
				8B4398AD1D754163003F8DF8 /* Assets.xcassets in Resources */,
				8B4398AB1D754162003F8DF8 /* Main.storyboard in Resources */,
			);
			runOnlyForDeploymentPostprocessing = 0;
		};
		8B4398B41D754163003F8DF8 /* Resources */ = {
			isa = PBXResourcesBuildPhase;
			buildActionMask = 2147483647;
			files = (
			);
			runOnlyForDeploymentPostprocessing = 0;
		};
		8B4398BF1D754163003F8DF8 /* Resources */ = {
			isa = PBXResourcesBuildPhase;
			buildActionMask = 2147483647;
			files = (
			);
			runOnlyForDeploymentPostprocessing = 0;
		};
/* End PBXResourcesBuildPhase section */

/* Begin PBXSourcesBuildPhase section */
		8B4398991D754162003F8DF8 /* Sources */ = {
			isa = PBXSourcesBuildPhase;
			buildActionMask = 2147483647;
			files = (
				8B4399051D754B22003F8DF8 /* UIImageView+HighlightedWebCache.m in Sources */,
				8B4399041D754B22003F8DF8 /* UIImage+MultiFormat.m in Sources */,
				8B4398FF1D754B22003F8DF8 /* SDWebImageDownloaderOperation.m in Sources */,
				8B4398A81D754162003F8DF8 /* ViewController.m in Sources */,
				8B4398FC1D754B22003F8DF8 /* SDWebImageCompat.m in Sources */,
				8B4399071D754B22003F8DF8 /* UIView+WebCacheOperation.m in Sources */,
				8B4399031D754B22003F8DF8 /* UIImage+GIF.m in Sources */,
				8B4399011D754B22003F8DF8 /* SDWebImagePrefetcher.m in Sources */,
				8B4398A51D754162003F8DF8 /* AppDelegate.m in Sources */,
				8B4398A21D754162003F8DF8 /* main.m in Sources */,
				8B4398FE1D754B22003F8DF8 /* SDWebImageDownloader.m in Sources */,
				8B4399021D754B22003F8DF8 /* UIButton+WebCache.m in Sources */,
				8B4398D81D7541E0003F8DF8 /* PowerCell.m in Sources */,
				8B4398FA1D754B22003F8DF8 /* NSData+ImageContentType.m in Sources */,
				8B4398DB1D754A42003F8DF8 /* Model.m in Sources */,
				8B4399061D754B22003F8DF8 /* UIImageView+WebCache.m in Sources */,
				8B4399001D754B22003F8DF8 /* SDWebImageManager.m in Sources */,
				8B4398FD1D754B22003F8DF8 /* SDWebImageDecoder.m in Sources */,
				8B4398FB1D754B22003F8DF8 /* SDImageCache.m in Sources */,
			);
			runOnlyForDeploymentPostprocessing = 0;
		};
		8B4398B21D754163003F8DF8 /* Sources */ = {
			isa = PBXSourcesBuildPhase;
			buildActionMask = 2147483647;
			files = (
				8B4398BB1D754163003F8DF8 /* PowerCellTests.m in Sources */,
			);
			runOnlyForDeploymentPostprocessing = 0;
		};
		8B4398BD1D754163003F8DF8 /* Sources */ = {
			isa = PBXSourcesBuildPhase;
			buildActionMask = 2147483647;
			files = (
				8B4398C61D754163003F8DF8 /* PowerCellUITests.m in Sources */,
			);
			runOnlyForDeploymentPostprocessing = 0;
		};
/* End PBXSourcesBuildPhase section */

/* Begin PBXTargetDependency section */
		8B4398B81D754163003F8DF8 /* PBXTargetDependency */ = {
			isa = PBXTargetDependency;
			target = 8B43989C1D754162003F8DF8 /* PowerCell */;
			targetProxy = 8B4398B71D754163003F8DF8 /* PBXContainerItemProxy */;
		};
		8B4398C31D754163003F8DF8 /* PBXTargetDependency */ = {
			isa = PBXTargetDependency;
			target = 8B43989C1D754162003F8DF8 /* PowerCell */;
			targetProxy = 8B4398C21D754163003F8DF8 /* PBXContainerItemProxy */;
		};
/* End PBXTargetDependency section */

/* Begin PBXVariantGroup section */
		8B4398A91D754162003F8DF8 /* Main.storyboard */ = {
			isa = PBXVariantGroup;
			children = (
				8B4398AA1D754162003F8DF8 /* Base */,
			);
			name = Main.storyboard;
			sourceTree = "<group>";
		};
		8B4398AE1D754163003F8DF8 /* LaunchScreen.storyboard */ = {
			isa = PBXVariantGroup;
			children = (
				8B4398AF1D754163003F8DF8 /* Base */,
			);
			name = LaunchScreen.storyboard;
			sourceTree = "<group>";
		};
/* End PBXVariantGroup section */

/* Begin XCBuildConfiguration section */
		8B4398C81D754163003F8DF8 /* Debug */ = {
			isa = XCBuildConfiguration;
			buildSettings = {
				ALWAYS_SEARCH_USER_PATHS = NO;
				CLANG_ANALYZER_NONNULL = YES;
				CLANG_CXX_LANGUAGE_STANDARD = "gnu++0x";
				CLANG_CXX_LIBRARY = "libc++";
				CLANG_ENABLE_MODULES = YES;
				CLANG_ENABLE_OBJC_ARC = YES;
				CLANG_WARN_BOOL_CONVERSION = YES;
				CLANG_WARN_CONSTANT_CONVERSION = YES;
				CLANG_WARN_DIRECT_OBJC_ISA_USAGE = YES_ERROR;
				CLANG_WARN_EMPTY_BODY = YES;
				CLANG_WARN_ENUM_CONVERSION = YES;
				CLANG_WARN_INT_CONVERSION = YES;
				CLANG_WARN_OBJC_ROOT_CLASS = YES_ERROR;
				CLANG_WARN_UNREACHABLE_CODE = YES;
				CLANG_WARN__DUPLICATE_METHOD_MATCH = YES;
				"CODE_SIGN_IDENTITY[sdk=iphoneos*]" = "iPhone Developer";
				COPY_PHASE_STRIP = NO;
				DEBUG_INFORMATION_FORMAT = dwarf;
				ENABLE_STRICT_OBJC_MSGSEND = YES;
				ENABLE_TESTABILITY = YES;
				GCC_C_LANGUAGE_STANDARD = gnu99;
				GCC_DYNAMIC_NO_PIC = NO;
				GCC_NO_COMMON_BLOCKS = YES;
				GCC_OPTIMIZATION_LEVEL = 0;
				GCC_PREPROCESSOR_DEFINITIONS = (
					"DEBUG=1",
					"$(inherited)",
				);
				GCC_WARN_64_TO_32_BIT_CONVERSION = YES;
				GCC_WARN_ABOUT_RETURN_TYPE = YES_ERROR;
				GCC_WARN_UNDECLARED_SELECTOR = YES;
				GCC_WARN_UNINITIALIZED_AUTOS = YES_AGGRESSIVE;
				GCC_WARN_UNUSED_FUNCTION = YES;
				GCC_WARN_UNUSED_VARIABLE = YES;
				IPHONEOS_DEPLOYMENT_TARGET = 9.3;
				MTL_ENABLE_DEBUG_INFO = YES;
				ONLY_ACTIVE_ARCH = YES;
				SDKROOT = iphoneos;
				TARGETED_DEVICE_FAMILY = "1,2";
			};
			name = Debug;
		};
		8B4398C91D754163003F8DF8 /* Release */ = {
			isa = XCBuildConfiguration;
			buildSettings = {
				ALWAYS_SEARCH_USER_PATHS = NO;
				CLANG_ANALYZER_NONNULL = YES;
				CLANG_CXX_LANGUAGE_STANDARD = "gnu++0x";
				CLANG_CXX_LIBRARY = "libc++";
				CLANG_ENABLE_MODULES = YES;
				CLANG_ENABLE_OBJC_ARC = YES;
				CLANG_WARN_BOOL_CONVERSION = YES;
				CLANG_WARN_CONSTANT_CONVERSION = YES;
				CLANG_WARN_DIRECT_OBJC_ISA_USAGE = YES_ERROR;
				CLANG_WARN_EMPTY_BODY = YES;
				CLANG_WARN_ENUM_CONVERSION = YES;
				CLANG_WARN_INT_CONVERSION = YES;
				CLANG_WARN_OBJC_ROOT_CLASS = YES_ERROR;
				CLANG_WARN_UNREACHABLE_CODE = YES;
				CLANG_WARN__DUPLICATE_METHOD_MATCH = YES;
				"CODE_SIGN_IDENTITY[sdk=iphoneos*]" = "iPhone Developer";
				COPY_PHASE_STRIP = NO;
				DEBUG_INFORMATION_FORMAT = "dwarf-with-dsym";
				ENABLE_NS_ASSERTIONS = NO;
				ENABLE_STRICT_OBJC_MSGSEND = YES;
				GCC_C_LANGUAGE_STANDARD = gnu99;
				GCC_NO_COMMON_BLOCKS = YES;
				GCC_WARN_64_TO_32_BIT_CONVERSION = YES;
				GCC_WARN_ABOUT_RETURN_TYPE = YES_ERROR;
				GCC_WARN_UNDECLARED_SELECTOR = YES;
				GCC_WARN_UNINITIALIZED_AUTOS = YES_AGGRESSIVE;
				GCC_WARN_UNUSED_FUNCTION = YES;
				GCC_WARN_UNUSED_VARIABLE = YES;
				IPHONEOS_DEPLOYMENT_TARGET = 9.3;
				MTL_ENABLE_DEBUG_INFO = NO;
				SDKROOT = iphoneos;
				TARGETED_DEVICE_FAMILY = "1,2";
				VALIDATE_PRODUCT = YES;
			};
			name = Release;
		};
		8B4398CB1D754163003F8DF8 /* Debug */ = {
			isa = XCBuildConfiguration;
			buildSettings = {
				ASSETCATALOG_COMPILER_APPICON_NAME = AppIcon;
				INFOPLIST_FILE = PowerCell/Info.plist;
				LD_RUNPATH_SEARCH_PATHS = "$(inherited) @executable_path/Frameworks";
				PRODUCT_BUNDLE_IDENTIFIER = iOS.PowerCell;
				PRODUCT_NAME = "$(TARGET_NAME)";
			};
			name = Debug;
		};
		8B4398CC1D754163003F8DF8 /* Release */ = {
			isa = XCBuildConfiguration;
			buildSettings = {
				ASSETCATALOG_COMPILER_APPICON_NAME = AppIcon;
				INFOPLIST_FILE = PowerCell/Info.plist;
				LD_RUNPATH_SEARCH_PATHS = "$(inherited) @executable_path/Frameworks";
				PRODUCT_BUNDLE_IDENTIFIER = iOS.PowerCell;
				PRODUCT_NAME = "$(TARGET_NAME)";
			};
			name = Release;
		};
		8B4398CE1D754163003F8DF8 /* Debug */ = {
			isa = XCBuildConfiguration;
			buildSettings = {
				BUNDLE_LOADER = "$(TEST_HOST)";
				INFOPLIST_FILE = PowerCellTests/Info.plist;
				LD_RUNPATH_SEARCH_PATHS = "$(inherited) @executable_path/Frameworks @loader_path/Frameworks";
				PRODUCT_BUNDLE_IDENTIFIER = iOS.PowerCellTests;
				PRODUCT_NAME = "$(TARGET_NAME)";
				TEST_HOST = "$(BUILT_PRODUCTS_DIR)/PowerCell.app/PowerCell";
			};
			name = Debug;
		};
		8B4398CF1D754163003F8DF8 /* Release */ = {
			isa = XCBuildConfiguration;
			buildSettings = {
				BUNDLE_LOADER = "$(TEST_HOST)";
				INFOPLIST_FILE = PowerCellTests/Info.plist;
				LD_RUNPATH_SEARCH_PATHS = "$(inherited) @executable_path/Frameworks @loader_path/Frameworks";
				PRODUCT_BUNDLE_IDENTIFIER = iOS.PowerCellTests;
				PRODUCT_NAME = "$(TARGET_NAME)";
				TEST_HOST = "$(BUILT_PRODUCTS_DIR)/PowerCell.app/PowerCell";
			};
			name = Release;
		};
		8B4398D11D754163003F8DF8 /* Debug */ = {
			isa = XCBuildConfiguration;
			buildSettings = {
				INFOPLIST_FILE = PowerCellUITests/Info.plist;
				LD_RUNPATH_SEARCH_PATHS = "$(inherited) @executable_path/Frameworks @loader_path/Frameworks";
				PRODUCT_BUNDLE_IDENTIFIER = iOS.PowerCellUITests;
				PRODUCT_NAME = "$(TARGET_NAME)";
				TEST_TARGET_NAME = PowerCell;
			};
			name = Debug;
		};
		8B4398D21D754163003F8DF8 /* Release */ = {
			isa = XCBuildConfiguration;
			buildSettings = {
				INFOPLIST_FILE = PowerCellUITests/Info.plist;
				LD_RUNPATH_SEARCH_PATHS = "$(inherited) @executable_path/Frameworks @loader_path/Frameworks";
				PRODUCT_BUNDLE_IDENTIFIER = iOS.PowerCellUITests;
				PRODUCT_NAME = "$(TARGET_NAME)";
				TEST_TARGET_NAME = PowerCell;
			};
			name = Release;
		};
/* End XCBuildConfiguration section */

/* Begin XCConfigurationList section */
		8B4398981D754162003F8DF8 /* Build configuration list for PBXProject "PowerCell" */ = {
			isa = XCConfigurationList;
			buildConfigurations = (
				8B4398C81D754163003F8DF8 /* Debug */,
				8B4398C91D754163003F8DF8 /* Release */,
			);
			defaultConfigurationIsVisible = 0;
			defaultConfigurationName = Release;
		};
		8B4398CA1D754163003F8DF8 /* Build configuration list for PBXNativeTarget "PowerCell" */ = {
			isa = XCConfigurationList;
			buildConfigurations = (
				8B4398CB1D754163003F8DF8 /* Debug */,
				8B4398CC1D754163003F8DF8 /* Release */,
			);
			defaultConfigurationIsVisible = 0;
			defaultConfigurationName = Release;
		};
		8B4398CD1D754163003F8DF8 /* Build configuration list for PBXNativeTarget "PowerCellTests" */ = {
			isa = XCConfigurationList;
			buildConfigurations = (
				8B4398CE1D754163003F8DF8 /* Debug */,
				8B4398CF1D754163003F8DF8 /* Release */,
			);
			defaultConfigurationIsVisible = 0;
			defaultConfigurationName = Release;
		};
		8B4398D01D754163003F8DF8 /* Build configuration list for PBXNativeTarget "PowerCellUITests" */ = {
			isa = XCConfigurationList;
			buildConfigurations = (
				8B4398D11D754163003F8DF8 /* Debug */,
				8B4398D21D754163003F8DF8 /* Release */,
			);
			defaultConfigurationIsVisible = 0;
			defaultConfigurationName = Release;
		};
/* End XCConfigurationList section */
	};
	rootObject = 8B4398951D754162003F8DF8 /* Project object */;
}
